# THIS IS AN AUTOGENERATED FILE. DO NOT EDIT THIS FILE DIRECTLY.
# yarn lockfile v1


"@google/markerclusterer@^1.0.3":
  version "1.0.3"
  resolved "https://registry.yarnpkg.com/@google/markerclusterer/-/markerclusterer-1.0.3.tgz#830b9dbba85fae9537a16d17947b484f9e860c65"
  integrity sha512-/fRbSPyQKnm43zRnoyMerbiGS3vG3WkZiLgpBF3ovoLO84sKhEAzKMVcyozy/khEHlZoMJ9Axkr0NRVJRAQhcg==

bootstrap-fileinput@^5.0.4:
  version "5.0.4"
  resolved "https://registry.yarnpkg.com/bootstrap-fileinput/-/bootstrap-fileinput-5.0.4.tgz#fba8c961e030691ca829028922bfc6e2e3c143df"
  integrity sha512-trdUTIwoJN1bAgevz4DVEki/XU+zKigBTawlNDVXkKCHLt+ObgR6WDRjDUzz19SS66/WqjhWS9/XFtwkTjnuDQ==
  dependencies:
    bootstrap ">= 3.4.1"
    jquery ">= 1.9.0"

"bootstrap@>= 3.4.1":
  version "4.3.1"
  resolved "https://registry.yarnpkg.com/bootstrap/-/bootstrap-4.3.1.tgz#280ca8f610504d99d7b6b4bfc4b68cec601704ac"
  integrity sha512-rXqOmH1VilAt2DyPzluTi2blhk17bO7ef+zLLPlWvG494pDxcM234pJ8wTc/6R40UWizAIIMgxjvxZg5kmsbag==

bootstrap@^3.4.1:
  version "3.4.1"
  resolved "https://registry.yarnpkg.com/bootstrap/-/bootstrap-3.4.1.tgz#c3a347d419e289ad11f4033e3c4132b87c081d72"
  integrity sha512-yN5oZVmRCwe5aKwzRj6736nSmKDX7pLYwsXiCj/EYmo16hODaBiT4En5btW/jhBF/seV+XMx3aYwukYC3A49DA==

jquery-zoom@^1.7.21:
  version "1.7.21"
  resolved "https://registry.yarnpkg.com/jquery-zoom/-/jquery-zoom-1.7.21.tgz#9c8cbb40cefaeba288e9dd05a67e5f0f8dcec4f3"
  integrity sha512-C3aDEt0c4TkPrOPqIs5VAOwBMgitf1I7jEakO15G3QfxdVEivBvUlkiCjfcGQM+FyXdvshpbiEJKDbEdPz2/pw==
  dependencies:
    jquery ">=1.7"

"jquery@>= 1.9.0", jquery@>=1.7:
  version "3.4.1"
  resolved "https://registry.yarnpkg.com/jquery/-/jquery-3.4.1.tgz#714f1f8d9dde4bdfa55764ba37ef214630d80ef2"
  integrity sha512-36+AdBzCL+y6qjw5Tx7HgzeGCzC81MDDgaUP8ld2zhx58HdqXGoBd+tHdrBMiyjGQs0Hxs/MLZTu/eHNJJuWPw==

vue@^2.5.16:
  version "2.5.16"
  resolved "https://registry.yarnpkg.com/vue/-/vue-2.5.16.tgz#07edb75e8412aaeed871ebafa99f4672584a0085"
